
Microsoft Visual Studio Solution File, Format Version 12.00
# Visual Studio Version 17
VisualStudioVersion = 17.7.34031.279
MinimumVisualStudioVersion = 10.0.40219.1
Project("{9A19103F-16F7-4668-BE54-9A1E7A4F7556}") = "01. Monster Extermination", "01. Monster Extermination\01. Monster Extermination.csproj", "{9D47D077-BA9D-499E-AB01-F580B179DA99}"
EndProject
Project("{9A19103F-16F7-4668-BE54-9A1E7A4F7556}") = "02. Delivery Boy", "02. Delivery Boy\02. Delivery Boy.csproj", "{11DB591B-D282-4F33-BF85-73C322232785}"
EndProject
Project("{FAE04EC0-301F-11D3-BF4B-00C04F79EFBC}") = "VendingSystem", "VendingSystem\VendingSystem.csproj", "{24CAC63B-00B1-4DC2-918E-A7C090A7ACBE}"
EndProject
Global
	GlobalSection(SolutionConfigurationPlatforms) = preSolution
		Debug|Any CPU = Debug|Any CPU
		Release|Any CPU = Release|Any CPU
	EndGlobalSection
	GlobalSection(ProjectConfigurationPlatforms) = postSolution
		{9D47D077-BA9D-499E-AB01-F580B179DA99}.Debug|Any CPU.ActiveCfg = Debug|Any CPU
		{9D47D077-BA9D-499E-AB01-F580B179DA99}.Debug|Any CPU.Build.0 = Debug|Any CPU
		{9D47D077-BA9D-499E-AB01-F580B179DA99}.Release|Any CPU.ActiveCfg = Release|Any CPU
		{9D47D077-BA9D-499E-AB01-F580B179DA99}.Release|Any CPU.Build.0 = Release|Any CPU
		{11DB591B-D282-4F33-BF85-73C322232785}.Debug|Any CPU.ActiveCfg = Debug|Any CPU
		{11DB591B-D282-4F33-BF85-73C322232785}.Debug|Any CPU.Build.0 = Debug|Any CPU
		{11DB591B-D282-4F33-BF85-73C322232785}.Release|Any CPU.ActiveCfg = Release|Any CPU
		{11DB591B-D282-4F33-BF85-73C322232785}.Release|Any CPU.Build.0 = Release|Any CPU
		{24CAC63B-00B1-4DC2-918E-A7C090A7ACBE}.Debug|Any CPU.ActiveCfg = Debug|Any CPU
		{24CAC63B-00B1-4DC2-918E-A7C090A7ACBE}.Debug|Any CPU.Build.0 = Debug|Any CPU
		{24CAC63B-00B1-4DC2-918E-A7C090A7ACBE}.Release|Any CPU.ActiveCfg = Release|Any CPU
		{24CAC63B-00B1-4DC2-918E-A7C090A7ACBE}.Release|Any CPU.Build.0 = Release|Any CPU
	EndGlobalSection
	GlobalSection(SolutionProperties) = preSolution
		HideSolutionNode = FALSE
	EndGlobalSection
	GlobalSection(ExtensibilityGlobals) = postSolution
		SolutionGuid = {C67661AF-554E-4EBA-85F3-A255620BDE74}
	EndGlobalSection
EndGlobal
